
Microsoft Visual Studio Solution File, Format Version 12.00
# Visual Studio 15
VisualStudioVersion = 15.0.27428.2015
MinimumVisualStudioVersion = 10.0.40219.1
Project("{9A19103F-16F7-4668-BE54-9A1E7A4F7556}") = "CodeAnalizer", "CodeAnalizer\CodeAnalizer.csproj", "{E0D71E0E-B8B8-4E6F-83CD-7902571E5AAF}"
EndProject
Global
	GlobalSection(SolutionConfigurationPlatforms) = preSolution
		Debug|Any CPU = Debug|Any CPU
		Release|Any CPU = Release|Any CPU
	EndGlobalSection
	GlobalSection(ProjectConfigurationPlatforms) = postSolution
		{E0D71E0E-B8B8-4E6F-83CD-7902571E5AAF}.Debug|Any CPU.ActiveCfg = Debug|Any CPU
		{E0D71E0E-B8B8-4E6F-83CD-7902571E5AAF}.Debug|Any CPU.Build.0 = Debug|Any CPU
		{E0D71E0E-B8B8-4E6F-83CD-7902571E5AAF}.Release|Any CPU.ActiveCfg = Release|Any CPU
		{E0D71E0E-B8B8-4E6F-83CD-7902571E5AAF}.Release|Any CPU.Build.0 = Release|Any CPU
	EndGlobalSection
	GlobalSection(SolutionProperties) = preSolution
		HideSolutionNode = FALSE
	EndGlobalSection
	GlobalSection(ExtensibilityGlobals) = postSolution
		SolutionGuid = {2373445B-8CFA-43FE-8D74-BA457991E9D6}
	EndGlobalSection
EndGlobal
